// !$*UTF8*$!
{
	archiveVersion = 1;
	classes = {
	};
	objectVersion = 46;
	objects = {

/* Begin PBXBuildFile section */
		9E09DAC91BA14050000071B2 /* main.m in Sources */ = {isa = PBXBuildFile; fileRef = 9E09DAC81BA14050000071B2 /* main.m */; };
		9E09DAD11BA14FA7000071B2 /* MyApplication.m in Sources */ = {isa = PBXBuildFile; fileRef = 9E09DAD01BA14FA7000071B2 /* MyApplication.m */; };
		9E09DAD41BA14FE6000071B2 /* RunLoop.m in Sources */ = {isa = PBXBuildFile; fileRef = 9E09DAD31BA14FE6000071B2 /* RunLoop.m */; };
		9E09DAD71BA14FF1000071B2 /* EventQueue.m in Sources */ = {isa = PBXBuildFile; fileRef = 9E09DAD61BA14FF1000071B2 /* EventQueue.m */; };
		9E09DADA1BA15159000071B2 /* AppDelegate.m in Sources */ = {isa = PBXBuildFile; fileRef = 9E09DAD91BA15159000071B2 /* AppDelegate.m */; };
		9E09DAE11BA15EAA000071B2 /* Event.m in Sources */ = {isa = PBXBuildFile; fileRef = 9E09DAE01BA15EAA000071B2 /* Event.m */; };
		9E5C0AA51BA55F8E00C828CF /* Student.m in Sources */ = {isa = PBXBuildFile; fileRef = 9E5C0AA41BA55F8E00C828CF /* Student.m */; };
		9E5C0AA81BA55F9D00C828CF /* Grade.m in Sources */ = {isa = PBXBuildFile; fileRef = 9E5C0AA71BA55F9D00C828CF /* Grade.m */; };
		9E5C0AAB1BA55FAF00C828CF /* GradeManager.m in Sources */ = {isa = PBXBuildFile; fileRef = 9E5C0AAA1BA55FAF00C828CF /* GradeManager.m */; };
		9E5C0AAF1BA5615800C828CF /* Student+GradeSortable.m in Sources */ = {isa = PBXBuildFile; fileRef = 9E5C0AAE1BA5615800C828CF /* Student+GradeSortable.m */; };
/* End PBXBuildFile section */

/* Begin PBXCopyFilesBuildPhase section */
		9E09DAC31BA14050000071B2 /* CopyFiles */ = {
			isa = PBXCopyFilesBuildPhase;
			buildActionMask = 2147483647;
			dstPath = /usr/share/man/man1/;
			dstSubfolderSpec = 0;
			files = (
			);
			runOnlyForDeploymentPostprocessing = 1;
		};
/* End PBXCopyFilesBuildPhase section */

/* Begin PBXFileReference section */
		9E09DAC51BA14050000071B2 /* GradeManagementApp */ = {isa = PBXFileReference; explicitFileType = "compiled.mach-o.executable"; includeInIndex = 0; path = GradeManagementApp; sourceTree = BUILT_PRODUCTS_DIR; };
		9E09DAC81BA14050000071B2 /* main.m */ = {isa = PBXFileReference; lastKnownFileType = sourcecode.c.objc; name = main.m; path = GradeManagementApp/main.m; sourceTree = "<group>"; };
		9E09DACF1BA14FA7000071B2 /* MyApplication.h */ = {isa = PBXFileReference; fileEncoding = 4; lastKnownFileType = sourcecode.c.h; name = MyApplication.h; path = GradeManagementApp/MyApplication.h; sourceTree = "<group>"; };
		9E09DAD01BA14FA7000071B2 /* MyApplication.m */ = {isa = PBXFileReference; fileEncoding = 4; lastKnownFileType = sourcecode.c.objc; name = MyApplication.m; path = GradeManagementApp/MyApplication.m; sourceTree = "<group>"; };
		9E09DAD21BA14FE6000071B2 /* RunLoop.h */ = {isa = PBXFileReference; fileEncoding = 4; lastKnownFileType = sourcecode.c.h; name = RunLoop.h; path = GradeManagementApp/RunLoop.h; sourceTree = "<group>"; };
		9E09DAD31BA14FE6000071B2 /* RunLoop.m */ = {isa = PBXFileReference; fileEncoding = 4; lastKnownFileType = sourcecode.c.objc; name = RunLoop.m; path = GradeManagementApp/RunLoop.m; sourceTree = "<group>"; };
		9E09DAD51BA14FF1000071B2 /* EventQueue.h */ = {isa = PBXFileReference; fileEncoding = 4; lastKnownFileType = sourcecode.c.h; name = EventQueue.h; path = GradeManagementApp/EventQueue.h; sourceTree = "<group>"; };
		9E09DAD61BA14FF1000071B2 /* EventQueue.m */ = {isa = PBXFileReference; fileEncoding = 4; lastKnownFileType = sourcecode.c.objc; name = EventQueue.m; path = GradeManagementApp/EventQueue.m; sourceTree = "<group>"; };
		9E09DAD81BA15159000071B2 /* AppDelegate.h */ = {isa = PBXFileReference; fileEncoding = 4; lastKnownFileType = sourcecode.c.h; name = AppDelegate.h; path = GradeManagementApp/AppDelegate.h; sourceTree = "<group>"; };
		9E09DAD91BA15159000071B2 /* AppDelegate.m */ = {isa = PBXFileReference; fileEncoding = 4; lastKnownFileType = sourcecode.c.objc; name = AppDelegate.m; path = GradeManagementApp/AppDelegate.m; sourceTree = "<group>"; };
		9E09DADB1BA15175000071B2 /* MyApplicationDelegate.h */ = {isa = PBXFileReference; lastKnownFileType = sourcecode.c.h; name = MyApplicationDelegate.h; path = GradeManagementApp/MyApplicationDelegate.h; sourceTree = "<group>"; };
		9E09DADF1BA15EAA000071B2 /* Event.h */ = {isa = PBXFileReference; fileEncoding = 4; lastKnownFileType = sourcecode.c.h; name = Event.h; path = GradeManagementApp/Event.h; sourceTree = "<group>"; };
		9E09DAE01BA15EAA000071B2 /* Event.m */ = {isa = PBXFileReference; fileEncoding = 4; lastKnownFileType = sourcecode.c.objc; name = Event.m; path = GradeManagementApp/Event.m; sourceTree = "<group>"; };
		9E5C0AA31BA55F8E00C828CF /* Student.h */ = {isa = PBXFileReference; fileEncoding = 4; lastKnownFileType = sourcecode.c.h; path = Student.h; sourceTree = "<group>"; };
		9E5C0AA41BA55F8E00C828CF /* Student.m */ = {isa = PBXFileReference; fileEncoding = 4; lastKnownFileType = sourcecode.c.objc; path = Student.m; sourceTree = "<group>"; };
		9E5C0AA61BA55F9D00C828CF /* Grade.h */ = {isa = PBXFileReference; fileEncoding = 4; lastKnownFileType = sourcecode.c.h; path = Grade.h; sourceTree = "<group>"; };
		9E5C0AA71BA55F9D00C828CF /* Grade.m */ = {isa = PBXFileReference; fileEncoding = 4; lastKnownFileType = sourcecode.c.objc; path = Grade.m; sourceTree = "<group>"; };
		9E5C0AA91BA55FAF00C828CF /* GradeManager.h */ = {isa = PBXFileReference; fileEncoding = 4; lastKnownFileType = sourcecode.c.h; path = GradeManager.h; sourceTree = "<group>"; };
		9E5C0AAA1BA55FAF00C828CF /* GradeManager.m */ = {isa = PBXFileReference; fileEncoding = 4; lastKnownFileType = sourcecode.c.objc; path = GradeManager.m; sourceTree = "<group>"; };
		9E5C0AAC1BA5611000C828CF /* GradeSortable.h */ = {isa = PBXFileReference; lastKnownFileType = sourcecode.c.h; path = GradeSortable.h; sourceTree = "<group>"; };
		9E5C0AAD1BA5615800C828CF /* Student+GradeSortable.h */ = {isa = PBXFileReference; fileEncoding = 4; lastKnownFileType = sourcecode.c.h; path = "Student+GradeSortable.h"; sourceTree = "<group>"; };
		9E5C0AAE1BA5615800C828CF /* Student+GradeSortable.m */ = {isa = PBXFileReference; fileEncoding = 4; lastKnownFileType = sourcecode.c.objc; path = "Student+GradeSortable.m"; sourceTree = "<group>"; };
/* End PBXFileReference section */

/* Begin PBXFrameworksBuildPhase section */
		9E09DAC21BA14050000071B2 /* Frameworks */ = {
			isa = PBXFrameworksBuildPhase;
			buildActionMask = 2147483647;
			files = (
			);
			runOnlyForDeploymentPostprocessing = 0;
		};
/* End PBXFrameworksBuildPhase section */

/* Begin PBXGroup section */
		9E09DABC1BA14050000071B2 = {
			isa = PBXGroup;
			children = (
				9E09DAC71BA14050000071B2 /* GradeManagementApp */,
				9E09DAC61BA14050000071B2 /* Products */,
			);
			sourceTree = "<group>";
		};
		9E09DAC61BA14050000071B2 /* Products */ = {
			isa = PBXGroup;
			children = (
				9E09DAC51BA14050000071B2 /* GradeManagementApp */,
			);
			name = Products;
			sourceTree = "<group>";
		};
		9E09DAC71BA14050000071B2 /* GradeManagementApp */ = {
			isa = PBXGroup;
			children = (
				9E09DAE61BA29BD3000071B2 /* System */,
				9E09DAE71BA29BEF000071B2 /* Application */,
				9E5C0AA21BA55BF000C828CF /* Model */,
			);
			path = GradeManagementApp;
			sourceTree = "<group>";
		};
		9E09DAE61BA29BD3000071B2 /* System */ = {
			isa = PBXGroup;
			children = (
				9E09DACF1BA14FA7000071B2 /* MyApplication.h */,
				9E09DAD01BA14FA7000071B2 /* MyApplication.m */,
				9E09DAD21BA14FE6000071B2 /* RunLoop.h */,
				9E09DAD31BA14FE6000071B2 /* RunLoop.m */,
				9E09DAD51BA14FF1000071B2 /* EventQueue.h */,
				9E09DAD61BA14FF1000071B2 /* EventQueue.m */,
				9E09DADF1BA15EAA000071B2 /* Event.h */,
				9E09DAE01BA15EAA000071B2 /* Event.m */,
				9E09DADB1BA15175000071B2 /* MyApplicationDelegate.h */,
			);
			name = System;
			path = ..;
			sourceTree = "<group>";
		};
		9E09DAE71BA29BEF000071B2 /* Application */ = {
			isa = PBXGroup;
			children = (
				9E09DAD81BA15159000071B2 /* AppDelegate.h */,
				9E09DAD91BA15159000071B2 /* AppDelegate.m */,
				9E09DAC81BA14050000071B2 /* main.m */,
			);
			name = Application;
			path = ..;
			sourceTree = "<group>";
		};
		9E5C0AA21BA55BF000C828CF /* Model */ = {
			isa = PBXGroup;
			children = (
				9E5C0AA31BA55F8E00C828CF /* Student.h */,
				9E5C0AA41BA55F8E00C828CF /* Student.m */,
				9E5C0AA61BA55F9D00C828CF /* Grade.h */,
				9E5C0AA71BA55F9D00C828CF /* Grade.m */,
				9E5C0AA91BA55FAF00C828CF /* GradeManager.h */,
				9E5C0AAA1BA55FAF00C828CF /* GradeManager.m */,
				9E5C0AAC1BA5611000C828CF /* GradeSortable.h */,
				9E5C0AAD1BA5615800C828CF /* Student+GradeSortable.h */,
				9E5C0AAE1BA5615800C828CF /* Student+GradeSortable.m */,
			);
			name = Model;
			sourceTree = "<group>";
		};
/* End PBXGroup section */

/* Begin PBXNativeTarget section */
		9E09DAC41BA14050000071B2 /* GradeManagementApp */ = {
			isa = PBXNativeTarget;
			buildConfigurationList = 9E09DACC1BA14050000071B2 /* Build configuration list for PBXNativeTarget "GradeManagementApp" */;
			buildPhases = (
				9E09DAC11BA14050000071B2 /* Sources */,
				9E09DAC21BA14050000071B2 /* Frameworks */,
				9E09DAC31BA14050000071B2 /* CopyFiles */,
			);
			buildRules = (
			);
			dependencies = (
			);
			name = GradeManagementApp;
			productName = GradeManagementApp;
			productReference = 9E09DAC51BA14050000071B2 /* GradeManagementApp */;
			productType = "com.apple.product-type.tool";
		};
/* End PBXNativeTarget section */

/* Begin PBXProject section */
		9E09DABD1BA14050000071B2 /* Project object */ = {
			isa = PBXProject;
			attributes = {
				LastUpgradeCheck = 0640;
				ORGANIZATIONNAME = miyaeyo;
				TargetAttributes = {
					9E09DAC41BA14050000071B2 = {
						CreatedOnToolsVersion = 6.4;
					};
				};
			};
			buildConfigurationList = 9E09DAC01BA14050000071B2 /* Build configuration list for PBXProject "GradeManagementApp" */;
			compatibilityVersion = "Xcode 3.2";
			developmentRegion = English;
			hasScannedForEncodings = 0;
			knownRegions = (
				en,
			);
			mainGroup = 9E09DABC1BA14050000071B2;
			productRefGroup = 9E09DAC61BA14050000071B2 /* Products */;
			projectDirPath = "";
			projectRoot = "";
			targets = (
				9E09DAC41BA14050000071B2 /* GradeManagementApp */,
			);
		};
/* End PBXProject section */

/* Begin PBXSourcesBuildPhase section */
		9E09DAC11BA14050000071B2 /* Sources */ = {
			isa = PBXSourcesBuildPhase;
			buildActionMask = 2147483647;
			files = (
				9E09DAE11BA15EAA000071B2 /* Event.m in Sources */,
				9E09DAD11BA14FA7000071B2 /* MyApplication.m in Sources */,
				9E09DAD41BA14FE6000071B2 /* RunLoop.m in Sources */,
				9E5C0AA81BA55F9D00C828CF /* Grade.m in Sources */,
				9E5C0AA51BA55F8E00C828CF /* Student.m in Sources */,
				9E5C0AAF1BA5615800C828CF /* Student+GradeSortable.m in Sources */,
				9E09DAD71BA14FF1000071B2 /* EventQueue.m in Sources */,
				9E5C0AAB1BA55FAF00C828CF /* GradeManager.m in Sources */,
				9E09DAC91BA14050000071B2 /* main.m in Sources */,
				9E09DADA1BA15159000071B2 /* AppDelegate.m in Sources */,
			);
			runOnlyForDeploymentPostprocessing = 0;
		};
/* End PBXSourcesBuildPhase section */

/* Begin XCBuildConfiguration section */
		9E09DACA1BA14050000071B2 /* Debug */ = {
			isa = XCBuildConfiguration;
			buildSettings = {
				ALWAYS_SEARCH_USER_PATHS = NO;
				CLANG_CXX_LANGUAGE_STANDARD = "gnu++0x";
				CLANG_CXX_LIBRARY = "libc++";
				CLANG_ENABLE_MODULES = YES;
				CLANG_ENABLE_OBJC_ARC = YES;
				CLANG_WARN_BOOL_CONVERSION = YES;
				CLANG_WARN_CONSTANT_CONVERSION = YES;
				CLANG_WARN_DIRECT_OBJC_ISA_USAGE = YES_ERROR;
				CLANG_WARN_EMPTY_BODY = YES;
				CLANG_WARN_ENUM_CONVERSION = YES;
				CLANG_WARN_INT_CONVERSION = YES;
				CLANG_WARN_OBJC_ROOT_CLASS = YES_ERROR;
				CLANG_WARN_UNREACHABLE_CODE = YES;
				CLANG_WARN__DUPLICATE_METHOD_MATCH = YES;
				COPY_PHASE_STRIP = NO;
				DEBUG_INFORMATION_FORMAT = dwarf;
				ENABLE_STRICT_OBJC_MSGSEND = YES;
				GCC_C_LANGUAGE_STANDARD = gnu99;
				GCC_DYNAMIC_NO_PIC = NO;
				GCC_NO_COMMON_BLOCKS = YES;
				GCC_OPTIMIZATION_LEVEL = 0;
				GCC_PREPROCESSOR_DEFINITIONS = (
					"DEBUG=1",
					"$(inherited)",
				);
				GCC_SYMBOLS_PRIVATE_EXTERN = NO;
				GCC_WARN_64_TO_32_BIT_CONVERSION = YES;
				GCC_WARN_ABOUT_RETURN_TYPE = YES_ERROR;
				GCC_WARN_UNDECLARED_SELECTOR = YES;
				GCC_WARN_UNINITIALIZED_AUTOS = YES_AGGRESSIVE;
				GCC_WARN_UNUSED_FUNCTION = YES;
				GCC_WARN_UNUSED_VARIABLE = YES;
				MACOSX_DEPLOYMENT_TARGET = 10.10;
				MTL_ENABLE_DEBUG_INFO = YES;
				ONLY_ACTIVE_ARCH = YES;
				SDKROOT = macosx;
			};
			name = Debug;
		};
		9E09DACB1BA14050000071B2 /* Release */ = {
			isa = XCBuildConfiguration;
			buildSettings = {
				ALWAYS_SEARCH_USER_PATHS = NO;
				CLANG_CXX_LANGUAGE_STANDARD = "gnu++0x";
				CLANG_CXX_LIBRARY = "libc++";
				CLANG_ENABLE_MODULES = YES;
				CLANG_ENABLE_OBJC_ARC = YES;
				CLANG_WARN_BOOL_CONVERSION = YES;
				CLANG_WARN_CONSTANT_CONVERSION = YES;
				CLANG_WARN_DIRECT_OBJC_ISA_USAGE = YES_ERROR;
				CLANG_WARN_EMPTY_BODY = YES;
				CLANG_WARN_ENUM_CONVERSION = YES;
				CLANG_WARN_INT_CONVERSION = YES;
				CLANG_WARN_OBJC_ROOT_CLASS = YES_ERROR;
				CLANG_WARN_UNREACHABLE_CODE = YES;
				CLANG_WARN__DUPLICATE_METHOD_MATCH = YES;
				COPY_PHASE_STRIP = NO;
				DEBUG_INFORMATION_FORMAT = "dwarf-with-dsym";
				ENABLE_NS_ASSERTIONS = NO;
				ENABLE_STRICT_OBJC_MSGSEND = YES;
				GCC_C_LANGUAGE_STANDARD = gnu99;
				GCC_NO_COMMON_BLOCKS = YES;
				GCC_WARN_64_TO_32_BIT_CONVERSION = YES;
				GCC_WARN_ABOUT_RETURN_TYPE = YES_ERROR;
				GCC_WARN_UNDECLARED_SELECTOR = YES;
				GCC_WARN_UNINITIALIZED_AUTOS = YES_AGGRESSIVE;
				GCC_WARN_UNUSED_FUNCTION = YES;
				GCC_WARN_UNUSED_VARIABLE = YES;
				MACOSX_DEPLOYMENT_TARGET = 10.10;
				MTL_ENABLE_DEBUG_INFO = NO;
				SDKROOT = macosx;
			};
			name = Release;
		};
		9E09DACD1BA14050000071B2 /* Debug */ = {
			isa = XCBuildConfiguration;
			buildSettings = {
				CLANG_ENABLE_OBJC_ARC = NO;
				PRODUCT_NAME = "$(TARGET_NAME)";
			};
			name = Debug;
		};
		9E09DACE1BA14050000071B2 /* Release */ = {
			isa = XCBuildConfiguration;
			buildSettings = {
				CLANG_ENABLE_OBJC_ARC = NO;
				PRODUCT_NAME = "$(TARGET_NAME)";
			};
			name = Release;
		};
/* End XCBuildConfiguration section */

/* Begin XCConfigurationList section */
		9E09DAC01BA14050000071B2 /* Build configuration list for PBXProject "GradeManagementApp" */ = {
			isa = XCConfigurationList;
			buildConfigurations = (
				9E09DACA1BA14050000071B2 /* Debug */,
				9E09DACB1BA14050000071B2 /* Release */,
			);
			defaultConfigurationIsVisible = 0;
			defaultConfigurationName = Release;
		};
		9E09DACC1BA14050000071B2 /* Build configuration list for PBXNativeTarget "GradeManagementApp" */ = {
			isa = XCConfigurationList;
			buildConfigurations = (
				9E09DACD1BA14050000071B2 /* Debug */,
				9E09DACE1BA14050000071B2 /* Release */,
			);
			defaultConfigurationIsVisible = 0;
			defaultConfigurationName = Release;
		};
/* End XCConfigurationList section */
	};
	rootObject = 9E09DABD1BA14050000071B2 /* Project object */;
}
